
Microsoft Visual Studio Solution File, Format Version 12.00
# Visual Studio Version 17
VisualStudioVersion = 17.13.35806.99 d17.13
MinimumVisualStudioVersion = 10.0.40219.1
Project("{FAE04EC0-301F-11D3-BF4B-00C04F79EFBC}") = "Investec.Webservice", "Investec.Webservice.csproj", "{33A64B90-7E81-4F8D-AB63-05A8697B375A}"
EndProject
Global
	GlobalSection(SolutionConfigurationPlatforms) = preSolution
		Debug|Any CPU = Debug|Any CPU
		Release|Any CPU = Release|Any CPU
	EndGlobalSection
	GlobalSection(ProjectConfigurationPlatforms) = postSolution
		{33A64B90-7E81-4F8D-AB63-05A8697B375A}.Debug|Any CPU.ActiveCfg = Debug|Any CPU
		{33A64B90-7E81-4F8D-AB63-05A8697B375A}.Debug|Any CPU.Build.0 = Debug|Any CPU
		{33A64B90-7E81-4F8D-AB63-05A8697B375A}.Release|Any CPU.ActiveCfg = Release|Any CPU
		{33A64B90-7E81-4F8D-AB63-05A8697B375A}.Release|Any CPU.Build.0 = Release|Any CPU
	EndGlobalSection
	GlobalSection(SolutionProperties) = preSolution
		HideSolutionNode = FALSE
	EndGlobalSection
	GlobalSection(ExtensibilityGlobals) = postSolution
		SolutionGuid = {98A8DB9E-162C-458E-B985-F1FF9B89DC19}
	EndGlobalSection
EndGlobal
